
Microsoft Visual Studio Solution File, Format Version 12.00
# Visual Studio Version 16
VisualStudioVersion = 25.0.1703.6
MinimumVisualStudioVersion = 10.0.40219.1
Project("{FAE04EC0-301F-11D3-BF4B-00C04F79EFBC}") = "20230108-04", "20230108-04\20230108-04.csproj", "{1182C1A4-947E-4ED0-899E-3DD0997359F0}"
EndProject
Global
	GlobalSection(SolutionConfigurationPlatforms) = preSolution
		Debug|Any CPU = Debug|Any CPU
		Release|Any CPU = Release|Any CPU
	EndGlobalSection
	GlobalSection(ProjectConfigurationPlatforms) = postSolution
		{1182C1A4-947E-4ED0-899E-3DD0997359F0}.Debug|Any CPU.ActiveCfg = Debug|Any CPU
		{1182C1A4-947E-4ED0-899E-3DD0997359F0}.Debug|Any CPU.Build.0 = Debug|Any CPU
		{1182C1A4-947E-4ED0-899E-3DD0997359F0}.Release|Any CPU.ActiveCfg = Release|Any CPU
		{1182C1A4-947E-4ED0-899E-3DD0997359F0}.Release|Any CPU.Build.0 = Release|Any CPU
	EndGlobalSection
	GlobalSection(SolutionProperties) = preSolution
		HideSolutionNode = FALSE
	EndGlobalSection
	GlobalSection(ExtensibilityGlobals) = postSolution
		SolutionGuid = {5E63108F-F07D-41A5-9E4A-523986A75D68}
	EndGlobalSection
EndGlobal
