
Microsoft Visual Studio Solution File, Format Version 12.00
# Visual Studio Version 16
VisualStudioVersion = 25.0.1703.6
MinimumVisualStudioVersion = 10.0.40219.1
Project("{FAE04EC0-301F-11D3-BF4B-00C04F79EFBC}") = "20230110-01", "20230110-01\20230110-01.csproj", "{1ADDF34E-E405-4ADE-9E4C-1D058BEE080F}"
EndProject
Global
	GlobalSection(SolutionConfigurationPlatforms) = preSolution
		Debug|Any CPU = Debug|Any CPU
		Release|Any CPU = Release|Any CPU
	EndGlobalSection
	GlobalSection(ProjectConfigurationPlatforms) = postSolution
		{1ADDF34E-E405-4ADE-9E4C-1D058BEE080F}.Debug|Any CPU.ActiveCfg = Debug|Any CPU
		{1ADDF34E-E405-4ADE-9E4C-1D058BEE080F}.Debug|Any CPU.Build.0 = Debug|Any CPU
		{1ADDF34E-E405-4ADE-9E4C-1D058BEE080F}.Release|Any CPU.ActiveCfg = Release|Any CPU
		{1ADDF34E-E405-4ADE-9E4C-1D058BEE080F}.Release|Any CPU.Build.0 = Release|Any CPU
	EndGlobalSection
	GlobalSection(SolutionProperties) = preSolution
		HideSolutionNode = FALSE
	EndGlobalSection
	GlobalSection(ExtensibilityGlobals) = postSolution
		SolutionGuid = {D55066D2-7F3E-4111-8D51-33C39585630E}
	EndGlobalSection
EndGlobal
