
Microsoft Visual Studio Solution File, Format Version 12.00
# Visual Studio Version 16
VisualStudioVersion = 25.0.1703.6
MinimumVisualStudioVersion = 10.0.40219.1
Project("{FAE04EC0-301F-11D3-BF4B-00C04F79EFBC}") = "Ronri2", "Ronri2\Ronri2.csproj", "{6895C61C-2326-4CCC-AC51-B009C0BC927B}"
EndProject
Global
	GlobalSection(SolutionConfigurationPlatforms) = preSolution
		Debug|Any CPU = Debug|Any CPU
		Release|Any CPU = Release|Any CPU
	EndGlobalSection
	GlobalSection(ProjectConfigurationPlatforms) = postSolution
		{6895C61C-2326-4CCC-AC51-B009C0BC927B}.Debug|Any CPU.ActiveCfg = Debug|Any CPU
		{6895C61C-2326-4CCC-AC51-B009C0BC927B}.Debug|Any CPU.Build.0 = Debug|Any CPU
		{6895C61C-2326-4CCC-AC51-B009C0BC927B}.Release|Any CPU.ActiveCfg = Release|Any CPU
		{6895C61C-2326-4CCC-AC51-B009C0BC927B}.Release|Any CPU.Build.0 = Release|Any CPU
	EndGlobalSection
	GlobalSection(SolutionProperties) = preSolution
		HideSolutionNode = FALSE
	EndGlobalSection
	GlobalSection(ExtensibilityGlobals) = postSolution
		SolutionGuid = {DE5A7A46-6AA4-4FAA-AE91-5D72865DAFD6}
	EndGlobalSection
EndGlobal
