
Microsoft Visual Studio Solution File, Format Version 12.00
# Visual Studio Version 16
VisualStudioVersion = 25.0.1703.6
MinimumVisualStudioVersion = 10.0.40219.1
Project("{FAE04EC0-301F-11D3-BF4B-00C04F79EFBC}") = "20230106-2", "20230106-2\20230106-2.csproj", "{83A8BAAF-5F35-4C94-9D96-D80A72703DF5}"
EndProject
Global
	GlobalSection(SolutionConfigurationPlatforms) = preSolution
		Debug|Any CPU = Debug|Any CPU
		Release|Any CPU = Release|Any CPU
	EndGlobalSection
	GlobalSection(ProjectConfigurationPlatforms) = postSolution
		{83A8BAAF-5F35-4C94-9D96-D80A72703DF5}.Debug|Any CPU.ActiveCfg = Debug|Any CPU
		{83A8BAAF-5F35-4C94-9D96-D80A72703DF5}.Debug|Any CPU.Build.0 = Debug|Any CPU
		{83A8BAAF-5F35-4C94-9D96-D80A72703DF5}.Release|Any CPU.ActiveCfg = Release|Any CPU
		{83A8BAAF-5F35-4C94-9D96-D80A72703DF5}.Release|Any CPU.Build.0 = Release|Any CPU
	EndGlobalSection
	GlobalSection(SolutionProperties) = preSolution
		HideSolutionNode = FALSE
	EndGlobalSection
	GlobalSection(ExtensibilityGlobals) = postSolution
		SolutionGuid = {52FC40D0-F88D-4DCD-BC8D-19A7C2F712CC}
	EndGlobalSection
EndGlobal
