
Microsoft Visual Studio Solution File, Format Version 12.00
# Visual Studio Version 16
VisualStudioVersion = 25.0.1703.6
MinimumVisualStudioVersion = 10.0.40219.1
Project("{FAE04EC0-301F-11D3-BF4B-00C04F79EFBC}") = "20230110-6", "20230110-6\20230110-6.csproj", "{B0272E6A-DC92-4372-A4BB-C2877372488A}"
EndProject
Global
	GlobalSection(SolutionConfigurationPlatforms) = preSolution
		Debug|Any CPU = Debug|Any CPU
		Release|Any CPU = Release|Any CPU
	EndGlobalSection
	GlobalSection(ProjectConfigurationPlatforms) = postSolution
		{B0272E6A-DC92-4372-A4BB-C2877372488A}.Debug|Any CPU.ActiveCfg = Debug|Any CPU
		{B0272E6A-DC92-4372-A4BB-C2877372488A}.Debug|Any CPU.Build.0 = Debug|Any CPU
		{B0272E6A-DC92-4372-A4BB-C2877372488A}.Release|Any CPU.ActiveCfg = Release|Any CPU
		{B0272E6A-DC92-4372-A4BB-C2877372488A}.Release|Any CPU.Build.0 = Release|Any CPU
	EndGlobalSection
	GlobalSection(SolutionProperties) = preSolution
		HideSolutionNode = FALSE
	EndGlobalSection
	GlobalSection(ExtensibilityGlobals) = postSolution
		SolutionGuid = {BD1C9F09-92F6-4CA7-8BA8-2ADB3345F582}
	EndGlobalSection
EndGlobal
