
Microsoft Visual Studio Solution File, Format Version 12.00
# Visual Studio Version 16
VisualStudioVersion = 25.0.1703.6
MinimumVisualStudioVersion = 10.0.40219.1
Project("{FAE04EC0-301F-11D3-BF4B-00C04F79EFBC}") = "20230106-10", "20230106-10\20230106-10.csproj", "{EBD26F85-AD89-4C69-BA75-8E8B444206AA}"
EndProject
Global
	GlobalSection(SolutionConfigurationPlatforms) = preSolution
		Debug|Any CPU = Debug|Any CPU
		Release|Any CPU = Release|Any CPU
	EndGlobalSection
	GlobalSection(ProjectConfigurationPlatforms) = postSolution
		{EBD26F85-AD89-4C69-BA75-8E8B444206AA}.Debug|Any CPU.ActiveCfg = Debug|Any CPU
		{EBD26F85-AD89-4C69-BA75-8E8B444206AA}.Debug|Any CPU.Build.0 = Debug|Any CPU
		{EBD26F85-AD89-4C69-BA75-8E8B444206AA}.Release|Any CPU.ActiveCfg = Release|Any CPU
		{EBD26F85-AD89-4C69-BA75-8E8B444206AA}.Release|Any CPU.Build.0 = Release|Any CPU
	EndGlobalSection
	GlobalSection(SolutionProperties) = preSolution
		HideSolutionNode = FALSE
	EndGlobalSection
	GlobalSection(ExtensibilityGlobals) = postSolution
		SolutionGuid = {401DC8A6-74FA-46BA-A50B-8760C5511A97}
	EndGlobalSection
EndGlobal
